// !$*UTF8*$!
{
	archiveVersion = 1;
	classes = {
	};
	objectVersion = 48;
	objects = {

/* Begin PBXBuildFile section */
		7082C9B71FABC56B002341B8 /* AppDelegate.swift in Sources */ = {isa = PBXBuildFile; fileRef = 7082C9B61FABC56B002341B8 /* AppDelegate.swift */; };
		7082C9BC1FABC56B002341B8 /* Main.storyboard in Resources */ = {isa = PBXBuildFile; fileRef = 7082C9BA1FABC56B002341B8 /* Main.storyboard */; };
		7082C9BE1FABC56B002341B8 /* Assets.xcassets in Resources */ = {isa = PBXBuildFile; fileRef = 7082C9BD1FABC56B002341B8 /* Assets.xcassets */; };
		7082C9C11FABC56B002341B8 /* LaunchScreen.storyboard in Resources */ = {isa = PBXBuildFile; fileRef = 7082C9BF1FABC56B002341B8 /* LaunchScreen.storyboard */; };
		7082C9CA1FABC62F002341B8 /* ImageViewcontroller.swift in Sources */ = {isa = PBXBuildFile; fileRef = 7082C9C91FABC62F002341B8 /* ImageViewcontroller.swift */; };
		7082C9CE1FABE2B4002341B8 /* DemoURL.swift in Sources */ = {isa = PBXBuildFile; fileRef = 7082C9CD1FABE2B4002341B8 /* DemoURL.swift */; };
		70F8CA7A1FAD039D0003E8EC /* PictureViewController.swift in Sources */ = {isa = PBXBuildFile; fileRef = 70F8CA791FAD039D0003E8EC /* PictureViewController.swift */; };
/* End PBXBuildFile section */

/* Begin PBXFileReference section */
		7082C9B31FABC56B002341B8 /* cassini.app */ = {isa = PBXFileReference; explicitFileType = wrapper.application; includeInIndex = 0; path = cassini.app; sourceTree = BUILT_PRODUCTS_DIR; };
		7082C9B61FABC56B002341B8 /* AppDelegate.swift */ = {isa = PBXFileReference; lastKnownFileType = sourcecode.swift; path = AppDelegate.swift; sourceTree = "<group>"; };
		7082C9BB1FABC56B002341B8 /* Base */ = {isa = PBXFileReference; lastKnownFileType = file.storyboard; name = Base; path = Base.lproj/Main.storyboard; sourceTree = "<group>"; };
		7082C9BD1FABC56B002341B8 /* Assets.xcassets */ = {isa = PBXFileReference; lastKnownFileType = folder.assetcatalog; path = Assets.xcassets; sourceTree = "<group>"; };
		7082C9C01FABC56B002341B8 /* Base */ = {isa = PBXFileReference; lastKnownFileType = file.storyboard; name = Base; path = Base.lproj/LaunchScreen.storyboard; sourceTree = "<group>"; };
		7082C9C21FABC56B002341B8 /* Info.plist */ = {isa = PBXFileReference; lastKnownFileType = text.plist.xml; path = Info.plist; sourceTree = "<group>"; };
		7082C9C91FABC62F002341B8 /* ImageViewcontroller.swift */ = {isa = PBXFileReference; lastKnownFileType = sourcecode.swift; path = ImageViewcontroller.swift; sourceTree = "<group>"; };
		7082C9CD1FABE2B4002341B8 /* DemoURL.swift */ = {isa = PBXFileReference; lastKnownFileType = sourcecode.swift; path = DemoURL.swift; sourceTree = "<group>"; };
		70F8CA791FAD039D0003E8EC /* PictureViewController.swift */ = {isa = PBXFileReference; lastKnownFileType = sourcecode.swift; path = PictureViewController.swift; sourceTree = "<group>"; };
/* End PBXFileReference section */

/* Begin PBXFrameworksBuildPhase section */
		7082C9B01FABC56B002341B8 /* Frameworks */ = {
			isa = PBXFrameworksBuildPhase;
			buildActionMask = 2147483647;
			files = (
			);
			runOnlyForDeploymentPostprocessing = 0;
		};
/* End PBXFrameworksBuildPhase section */

/* Begin PBXGroup section */
		7082C9AA1FABC56B002341B8 = {
			isa = PBXGroup;
			children = (
				7082C9B51FABC56B002341B8 /* cassini */,
				7082C9B41FABC56B002341B8 /* Products */,
			);
			sourceTree = "<group>";
		};
		7082C9B41FABC56B002341B8 /* Products */ = {
			isa = PBXGroup;
			children = (
				7082C9B31FABC56B002341B8 /* cassini.app */,
			);
			name = Products;
			sourceTree = "<group>";
		};
		7082C9B51FABC56B002341B8 /* cassini */ = {
			isa = PBXGroup;
			children = (
				7082C9BA1FABC56B002341B8 /* Main.storyboard */,
				70F8CA791FAD039D0003E8EC /* PictureViewController.swift */,
				7082C9C21FABC56B002341B8 /* Info.plist */,
				7082C9C81FABC5A8002341B8 /* supporting files */,
				7082C9C91FABC62F002341B8 /* ImageViewcontroller.swift */,
				7082C9CD1FABE2B4002341B8 /* DemoURL.swift */,
			);
			path = cassini;
			sourceTree = "<group>";
		};
		7082C9C81FABC5A8002341B8 /* supporting files */ = {
			isa = PBXGroup;
			children = (
				7082C9B61FABC56B002341B8 /* AppDelegate.swift */,
				7082C9BD1FABC56B002341B8 /* Assets.xcassets */,
				7082C9BF1FABC56B002341B8 /* LaunchScreen.storyboard */,
			);
			path = "supporting files";
			sourceTree = "<group>";
		};
/* End PBXGroup section */

/* Begin PBXNativeTarget section */
		7082C9B21FABC56B002341B8 /* cassini */ = {
			isa = PBXNativeTarget;
			buildConfigurationList = 7082C9C51FABC56B002341B8 /* Build configuration list for PBXNativeTarget "cassini" */;
			buildPhases = (
				7082C9AF1FABC56B002341B8 /* Sources */,
				7082C9B01FABC56B002341B8 /* Frameworks */,
				7082C9B11FABC56B002341B8 /* Resources */,
			);
			buildRules = (
			);
			dependencies = (
			);
			name = cassini;
			productName = cassini;
			productReference = 7082C9B31FABC56B002341B8 /* cassini.app */;
			productType = "com.apple.product-type.application";
		};
/* End PBXNativeTarget section */

/* Begin PBXProject section */
		7082C9AB1FABC56B002341B8 /* Project object */ = {
			isa = PBXProject;
			attributes = {
				LastSwiftUpdateCheck = 0900;
				LastUpgradeCheck = 0900;
				ORGANIZATIONNAME = "Grant Willison";
				TargetAttributes = {
					7082C9B21FABC56B002341B8 = {
						CreatedOnToolsVersion = 9.0.1;
						ProvisioningStyle = Automatic;
					};
				};
			};
			buildConfigurationList = 7082C9AE1FABC56B002341B8 /* Build configuration list for PBXProject "cassini" */;
			compatibilityVersion = "Xcode 8.0";
			developmentRegion = en;
			hasScannedForEncodings = 0;
			knownRegions = (
				en,
				Base,
			);
			mainGroup = 7082C9AA1FABC56B002341B8;
			productRefGroup = 7082C9B41FABC56B002341B8 /* Products */;
			projectDirPath = "";
			projectRoot = "";
			targets = (
				7082C9B21FABC56B002341B8 /* cassini */,
			);
		};
/* End PBXProject section */

/* Begin PBXResourcesBuildPhase section */
		7082C9B11FABC56B002341B8 /* Resources */ = {
			isa = PBXResourcesBuildPhase;
			buildActionMask = 2147483647;
			files = (
				7082C9C11FABC56B002341B8 /* LaunchScreen.storyboard in Resources */,
				7082C9BE1FABC56B002341B8 /* Assets.xcassets in Resources */,
				7082C9BC1FABC56B002341B8 /* Main.storyboard in Resources */,
			);
			runOnlyForDeploymentPostprocessing = 0;
		};
/* End PBXResourcesBuildPhase section */

/* Begin PBXSourcesBuildPhase section */
		7082C9AF1FABC56B002341B8 /* Sources */ = {
			isa = PBXSourcesBuildPhase;
			buildActionMask = 2147483647;
			files = (
				7082C9B71FABC56B002341B8 /* AppDelegate.swift in Sources */,
				70F8CA7A1FAD039D0003E8EC /* PictureViewController.swift in Sources */,
				7082C9CA1FABC62F002341B8 /* ImageViewcontroller.swift in Sources */,
				7082C9CE1FABE2B4002341B8 /* DemoURL.swift in Sources */,
			);
			runOnlyForDeploymentPostprocessing = 0;
		};
/* End PBXSourcesBuildPhase section */

/* Begin PBXVariantGroup section */
		7082C9BA1FABC56B002341B8 /* Main.storyboard */ = {
			isa = PBXVariantGroup;
			children = (
				7082C9BB1FABC56B002341B8 /* Base */,
			);
			name = Main.storyboard;
			sourceTree = "<group>";
		};
		7082C9BF1FABC56B002341B8 /* LaunchScreen.storyboard */ = {
			isa = PBXVariantGroup;
			children = (
				7082C9C01FABC56B002341B8 /* Base */,
			);
			name = LaunchScreen.storyboard;
			sourceTree = "<group>";
		};
/* End PBXVariantGroup section */

/* Begin XCBuildConfiguration section */
		7082C9C31FABC56B002341B8 /* Debug */ = {
			isa = XCBuildConfiguration;
			buildSettings = {
				ALWAYS_SEARCH_USER_PATHS = NO;
				CLANG_ANALYZER_NONNULL = YES;
				CLANG_ANALYZER_NUMBER_OBJECT_CONVERSION = YES_AGGRESSIVE;
				CLANG_CXX_LANGUAGE_STANDARD = "gnu++14";
				CLANG_CXX_LIBRARY = "libc++";
				CLANG_ENABLE_MODULES = YES;
				CLANG_ENABLE_OBJC_ARC = YES;
				CLANG_WARN_BLOCK_CAPTURE_AUTORELEASING = YES;
				CLANG_WARN_BOOL_CONVERSION = YES;
				CLANG_WARN_COMMA = YES;
				CLANG_WARN_CONSTANT_CONVERSION = YES;
				CLANG_WARN_DIRECT_OBJC_ISA_USAGE = YES_ERROR;
				CLANG_WARN_DOCUMENTATION_COMMENTS = YES;
				CLANG_WARN_EMPTY_BODY = YES;
				CLANG_WARN_ENUM_CONVERSION = YES;
				CLANG_WARN_INFINITE_RECURSION = YES;
				CLANG_WARN_INT_CONVERSION = YES;
				CLANG_WARN_NON_LITERAL_NULL_CONVERSION = YES;
				CLANG_WARN_OBJC_LITERAL_CONVERSION = YES;
				CLANG_WARN_OBJC_ROOT_CLASS = YES_ERROR;
				CLANG_WARN_RANGE_LOOP_ANALYSIS = YES;
				CLANG_WARN_STRICT_PROTOTYPES = YES;
				CLANG_WARN_SUSPICIOUS_MOVE = YES;
				CLANG_WARN_UNGUARDED_AVAILABILITY = YES_AGGRESSIVE;
				CLANG_WARN_UNREACHABLE_CODE = YES;
				CLANG_WARN__DUPLICATE_METHOD_MATCH = YES;
				CODE_SIGN_IDENTITY = "iPhone Developer";
				COPY_PHASE_STRIP = NO;
				DEBUG_INFORMATION_FORMAT = dwarf;
				ENABLE_STRICT_OBJC_MSGSEND = YES;
				ENABLE_TESTABILITY = YES;
				GCC_C_LANGUAGE_STANDARD = gnu11;
				GCC_DYNAMIC_NO_PIC = NO;
				GCC_NO_COMMON_BLOCKS = YES;
				GCC_OPTIMIZATION_LEVEL = 0;
				GCC_PREPROCESSOR_DEFINITIONS = (
					"DEBUG=1",
					"$(inherited)",
				);
				GCC_WARN_64_TO_32_BIT_CONVERSION = YES;
				GCC_WARN_ABOUT_RETURN_TYPE = YES_ERROR;
				GCC_WARN_UNDECLARED_SELECTOR = YES;
				GCC_WARN_UNINITIALIZED_AUTOS = YES_AGGRESSIVE;
				GCC_WARN_UNUSED_FUNCTION = YES;
				GCC_WARN_UNUSED_VARIABLE = YES;
				IPHONEOS_DEPLOYMENT_TARGET = 11.0;
				MTL_ENABLE_DEBUG_INFO = YES;
				ONLY_ACTIVE_ARCH = YES;
				SDKROOT = iphoneos;
				SWIFT_ACTIVE_COMPILATION_CONDITIONS = DEBUG;
				SWIFT_OPTIMIZATION_LEVEL = "-Onone";
			};
			name = Debug;
		};
		7082C9C41FABC56B002341B8 /* Release */ = {
			isa = XCBuildConfiguration;
			buildSettings = {
				ALWAYS_SEARCH_USER_PATHS = NO;
				CLANG_ANALYZER_NONNULL = YES;
				CLANG_ANALYZER_NUMBER_OBJECT_CONVERSION = YES_AGGRESSIVE;
				CLANG_CXX_LANGUAGE_STANDARD = "gnu++14";
				CLANG_CXX_LIBRARY = "libc++";
				CLANG_ENABLE_MODULES = YES;
				CLANG_ENABLE_OBJC_ARC = YES;
				CLANG_WARN_BLOCK_CAPTURE_AUTORELEASING = YES;
				CLANG_WARN_BOOL_CONVERSION = YES;
				CLANG_WARN_COMMA = YES;
				CLANG_WARN_CONSTANT_CONVERSION = YES;
				CLANG_WARN_DIRECT_OBJC_ISA_USAGE = YES_ERROR;
				CLANG_WARN_DOCUMENTATION_COMMENTS = YES;
				CLANG_WARN_EMPTY_BODY = YES;
				CLANG_WARN_ENUM_CONVERSION = YES;
				CLANG_WARN_INFINITE_RECURSION = YES;
				CLANG_WARN_INT_CONVERSION = YES;
				CLANG_WARN_NON_LITERAL_NULL_CONVERSION = YES;
				CLANG_WARN_OBJC_LITERAL_CONVERSION = YES;
				CLANG_WARN_OBJC_ROOT_CLASS = YES_ERROR;
				CLANG_WARN_RANGE_LOOP_ANALYSIS = YES;
				CLANG_WARN_STRICT_PROTOTYPES = YES;
				CLANG_WARN_SUSPICIOUS_MOVE = YES;
				CLANG_WARN_UNGUARDED_AVAILABILITY = YES_AGGRESSIVE;
				CLANG_WARN_UNREACHABLE_CODE = YES;
				CLANG_WARN__DUPLICATE_METHOD_MATCH = YES;
				CODE_SIGN_IDENTITY = "iPhone Developer";
				COPY_PHASE_STRIP = NO;
				DEBUG_INFORMATION_FORMAT = "dwarf-with-dsym";
				ENABLE_NS_ASSERTIONS = NO;
				ENABLE_STRICT_OBJC_MSGSEND = YES;
				GCC_C_LANGUAGE_STANDARD = gnu11;
				GCC_NO_COMMON_BLOCKS = YES;
				GCC_WARN_64_TO_32_BIT_CONVERSION = YES;
				GCC_WARN_ABOUT_RETURN_TYPE = YES_ERROR;
				GCC_WARN_UNDECLARED_SELECTOR = YES;
				GCC_WARN_UNINITIALIZED_AUTOS = YES_AGGRESSIVE;
				GCC_WARN_UNUSED_FUNCTION = YES;
				GCC_WARN_UNUSED_VARIABLE = YES;
				IPHONEOS_DEPLOYMENT_TARGET = 11.0;
				MTL_ENABLE_DEBUG_INFO = NO;
				SDKROOT = iphoneos;
				SWIFT_OPTIMIZATION_LEVEL = "-Owholemodule";
				VALIDATE_PRODUCT = YES;
			};
			name = Release;
		};
		7082C9C61FABC56B002341B8 /* Debug */ = {
			isa = XCBuildConfiguration;
			buildSettings = {
				ASSETCATALOG_COMPILER_APPICON_NAME = AppIcon;
				CODE_SIGN_STYLE = Automatic;
				DEVELOPMENT_TEAM = 6M3D56Z3KF;
				INFOPLIST_FILE = cassini/Info.plist;
				LD_RUNPATH_SEARCH_PATHS = "$(inherited) @executable_path/Frameworks";
				PRODUCT_BUNDLE_IDENTIFIER = "com.plus.google-u-0--grantwillison.cassini";
				PRODUCT_NAME = "$(TARGET_NAME)";
				SWIFT_VERSION = 4.0;
				TARGETED_DEVICE_FAMILY = "1,2";
			};
			name = Debug;
		};
		7082C9C71FABC56B002341B8 /* Release */ = {
			isa = XCBuildConfiguration;
			buildSettings = {
				ASSETCATALOG_COMPILER_APPICON_NAME = AppIcon;
				CODE_SIGN_STYLE = Automatic;
				DEVELOPMENT_TEAM = 6M3D56Z3KF;
				INFOPLIST_FILE = cassini/Info.plist;
				LD_RUNPATH_SEARCH_PATHS = "$(inherited) @executable_path/Frameworks";
				PRODUCT_BUNDLE_IDENTIFIER = "com.plus.google-u-0--grantwillison.cassini";
				PRODUCT_NAME = "$(TARGET_NAME)";
				SWIFT_VERSION = 4.0;
				TARGETED_DEVICE_FAMILY = "1,2";
			};
			name = Release;
		};
/* End XCBuildConfiguration section */

/* Begin XCConfigurationList section */
		7082C9AE1FABC56B002341B8 /* Build configuration list for PBXProject "cassini" */ = {
			isa = XCConfigurationList;
			buildConfigurations = (
				7082C9C31FABC56B002341B8 /* Debug */,
				7082C9C41FABC56B002341B8 /* Release */,
			);
			defaultConfigurationIsVisible = 0;
			defaultConfigurationName = Release;
		};
		7082C9C51FABC56B002341B8 /* Build configuration list for PBXNativeTarget "cassini" */ = {
			isa = XCConfigurationList;
			buildConfigurations = (
				7082C9C61FABC56B002341B8 /* Debug */,
				7082C9C71FABC56B002341B8 /* Release */,
			);
			defaultConfigurationIsVisible = 0;
			defaultConfigurationName = Release;
		};
/* End XCConfigurationList section */
	};
	rootObject = 7082C9AB1FABC56B002341B8 /* Project object */;
}
